<?xml version="1.0" encoding="utf-8"?>
<Project ToolsVersion="4.0" xmlns="http://schemas.microsoft.com/developer/msbuild/2003">
  <ItemGroup>
    <Filter Include="Source Files">
      <UniqueIdentifier>{307239ad-6df1-4bb7-9781-dfea01ea2707}</UniqueIdentifier>
      <Extensions>cpp;c;cxx;rc;def;r;odl;idl;hpj;bat</Extensions>
    </Filter>
    <Filter Include="exe">
      <UniqueIdentifier>{1f87df9d-605c-4c83-b032-a268181fba89}</UniqueIdentifier>
    </Filter>
  </ItemGroup>
  <ItemGroup>
    <ClCompile Include="src\StackTrace.cpp">
      <Filter>Source Files</Filter>
    </ClCompile>
    <ClCompile Include="src\Main.cpp">
      <Filter>Source Files</Filter>
    </ClCompile>
    <ClCompile Include="src\TraceConfig.cpp">
      <Filter>Source Files</Filter>
    </ClCompile>
  </ItemGroup>
  <ItemGroup>
    <ClInclude Include="src\StackTrace.h">
      <Filter>Source Files</Filter>
    </ClInclude>
    <ClInclude Include="..\Util\src\StackTraceUtil.h">
      <Filter>Source Files</Filter>
    </ClInclude>
    <ClInclude Include="src\TraceConfig.h">
      <Filter>Source Files</Filter>
    </ClInclude>
  </ItemGroup>
  <ItemGroup>
    <None Include="ClassDiagram1.cd" />
    <None Include="nm386.exe">
      <Filter>exe</Filter>
    </None>
    <None Include="nmpentium.exe">
      <Filter>exe</Filter>
    </None>
  </ItemGroup>
</Project>